// !$*UTF8*$!
{
	archiveVersion = 1;
	classes = {
	};
	objectVersion = 48;
	objects = {

/* Begin PBXBuildFile section */
		153A9AD020A2C86500D4B85A /* AppDelegate.m in Sources */ = {isa = PBXBuildFile; fileRef = 153A9ACF20A2C86500D4B85A /* AppDelegate.m */; };
		153A9AD320A2C86500D4B85A /* ViewController.m in Sources */ = {isa = PBXBuildFile; fileRef = 153A9AD220A2C86500D4B85A /* ViewController.m */; };
		153A9AD620A2C86500D4B85A /* Main.storyboard in Resources */ = {isa = PBXBuildFile; fileRef = 153A9AD420A2C86500D4B85A /* Main.storyboard */; };
		153A9AD820A2C86500D4B85A /* Assets.xcassets in Resources */ = {isa = PBXBuildFile; fileRef = 153A9AD720A2C86500D4B85A /* Assets.xcassets */; };
		153A9ADB20A2C86500D4B85A /* LaunchScreen.storyboard in Resources */ = {isa = PBXBuildFile; fileRef = 153A9AD920A2C86500D4B85A /* LaunchScreen.storyboard */; };
		153A9ADE20A2C86500D4B85A /* main.m in Sources */ = {isa = PBXBuildFile; fileRef = 153A9ADD20A2C86500D4B85A /* main.m */; };
		153A9AE820A2C86500D4B85A /* _4_UITextFieldTests.m in Sources */ = {isa = PBXBuildFile; fileRef = 153A9AE720A2C86500D4B85A /* _4_UITextFieldTests.m */; };
		153A9AF320A2C86500D4B85A /* _4_UITextFieldUITests.m in Sources */ = {isa = PBXBuildFile; fileRef = 153A9AF220A2C86500D4B85A /* _4_UITextFieldUITests.m */; };
/* End PBXBuildFile section */

/* Begin PBXContainerItemProxy section */
		153A9AE420A2C86500D4B85A /* PBXContainerItemProxy */ = {
			isa = PBXContainerItemProxy;
			containerPortal = 153A9AC320A2C86400D4B85A /* Project object */;
			proxyType = 1;
			remoteGlobalIDString = 153A9ACA20A2C86400D4B85A;
			remoteInfo = 04_UITextField;
		};
		153A9AEF20A2C86500D4B85A /* PBXContainerItemProxy */ = {
			isa = PBXContainerItemProxy;
			containerPortal = 153A9AC320A2C86400D4B85A /* Project object */;
			proxyType = 1;
			remoteGlobalIDString = 153A9ACA20A2C86400D4B85A;
			remoteInfo = 04_UITextField;
		};
/* End PBXContainerItemProxy section */

/* Begin PBXFileReference section */
		153A9ACB20A2C86500D4B85A /* 04_UITextField.app */ = {isa = PBXFileReference; explicitFileType = wrapper.application; includeInIndex = 0; path = 04_UITextField.app; sourceTree = BUILT_PRODUCTS_DIR; };
		153A9ACE20A2C86500D4B85A /* AppDelegate.h */ = {isa = PBXFileReference; lastKnownFileType = sourcecode.c.h; path = AppDelegate.h; sourceTree = "<group>"; };
		153A9ACF20A2C86500D4B85A /* AppDelegate.m */ = {isa = PBXFileReference; lastKnownFileType = sourcecode.c.objc; path = AppDelegate.m; sourceTree = "<group>"; };
		153A9AD120A2C86500D4B85A /* ViewController.h */ = {isa = PBXFileReference; lastKnownFileType = sourcecode.c.h; path = ViewController.h; sourceTree = "<group>"; };
		153A9AD220A2C86500D4B85A /* ViewController.m */ = {isa = PBXFileReference; lastKnownFileType = sourcecode.c.objc; path = ViewController.m; sourceTree = "<group>"; };
		153A9AD520A2C86500D4B85A /* Base */ = {isa = PBXFileReference; lastKnownFileType = file.storyboard; name = Base; path = Base.lproj/Main.storyboard; sourceTree = "<group>"; };
		153A9AD720A2C86500D4B85A /* Assets.xcassets */ = {isa = PBXFileReference; lastKnownFileType = folder.assetcatalog; path = Assets.xcassets; sourceTree = "<group>"; };
		153A9ADA20A2C86500D4B85A /* Base */ = {isa = PBXFileReference; lastKnownFileType = file.storyboard; name = Base; path = Base.lproj/LaunchScreen.storyboard; sourceTree = "<group>"; };
		153A9ADC20A2C86500D4B85A /* Info.plist */ = {isa = PBXFileReference; lastKnownFileType = text.plist.xml; path = Info.plist; sourceTree = "<group>"; };
		153A9ADD20A2C86500D4B85A /* main.m */ = {isa = PBXFileReference; lastKnownFileType = sourcecode.c.objc; path = main.m; sourceTree = "<group>"; };
		153A9AE320A2C86500D4B85A /* 04_UITextFieldTests.xctest */ = {isa = PBXFileReference; explicitFileType = wrapper.cfbundle; includeInIndex = 0; path = 04_UITextFieldTests.xctest; sourceTree = BUILT_PRODUCTS_DIR; };
		153A9AE720A2C86500D4B85A /* _4_UITextFieldTests.m */ = {isa = PBXFileReference; lastKnownFileType = sourcecode.c.objc; path = _4_UITextFieldTests.m; sourceTree = "<group>"; };
		153A9AE920A2C86500D4B85A /* Info.plist */ = {isa = PBXFileReference; lastKnownFileType = text.plist.xml; path = Info.plist; sourceTree = "<group>"; };
		153A9AEE20A2C86500D4B85A /* 04_UITextFieldUITests.xctest */ = {isa = PBXFileReference; explicitFileType = wrapper.cfbundle; includeInIndex = 0; path = 04_UITextFieldUITests.xctest; sourceTree = BUILT_PRODUCTS_DIR; };
		153A9AF220A2C86500D4B85A /* _4_UITextFieldUITests.m */ = {isa = PBXFileReference; lastKnownFileType = sourcecode.c.objc; path = _4_UITextFieldUITests.m; sourceTree = "<group>"; };
		153A9AF420A2C86500D4B85A /* Info.plist */ = {isa = PBXFileReference; lastKnownFileType = text.plist.xml; path = Info.plist; sourceTree = "<group>"; };
/* End PBXFileReference section */

/* Begin PBXFrameworksBuildPhase section */
		153A9AC820A2C86400D4B85A /* Frameworks */ = {
			isa = PBXFrameworksBuildPhase;
			buildActionMask = 2147483647;
			files = (
			);
			runOnlyForDeploymentPostprocessing = 0;
		};
		153A9AE020A2C86500D4B85A /* Frameworks */ = {
			isa = PBXFrameworksBuildPhase;
			buildActionMask = 2147483647;
			files = (
			);
			runOnlyForDeploymentPostprocessing = 0;
		};
		153A9AEB20A2C86500D4B85A /* Frameworks */ = {
			isa = PBXFrameworksBuildPhase;
			buildActionMask = 2147483647;
			files = (
			);
			runOnlyForDeploymentPostprocessing = 0;
		};
/* End PBXFrameworksBuildPhase section */

/* Begin PBXGroup section */
		153A9AC220A2C86400D4B85A = {
			isa = PBXGroup;
			children = (
				153A9ACD20A2C86500D4B85A /* 04_UITextField */,
				153A9AE620A2C86500D4B85A /* 04_UITextFieldTests */,
				153A9AF120A2C86500D4B85A /* 04_UITextFieldUITests */,
				153A9ACC20A2C86500D4B85A /* Products */,
			);
			sourceTree = "<group>";
		};
		153A9ACC20A2C86500D4B85A /* Products */ = {
			isa = PBXGroup;
			children = (
				153A9ACB20A2C86500D4B85A /* 04_UITextField.app */,
				153A9AE320A2C86500D4B85A /* 04_UITextFieldTests.xctest */,
				153A9AEE20A2C86500D4B85A /* 04_UITextFieldUITests.xctest */,
			);
			name = Products;
			sourceTree = "<group>";
		};
		153A9ACD20A2C86500D4B85A /* 04_UITextField */ = {
			isa = PBXGroup;
			children = (
				153A9ACE20A2C86500D4B85A /* AppDelegate.h */,
				153A9ACF20A2C86500D4B85A /* AppDelegate.m */,
				153A9AD120A2C86500D4B85A /* ViewController.h */,
				153A9AD220A2C86500D4B85A /* ViewController.m */,
				153A9AD420A2C86500D4B85A /* Main.storyboard */,
				153A9AD720A2C86500D4B85A /* Assets.xcassets */,
				153A9AD920A2C86500D4B85A /* LaunchScreen.storyboard */,
				153A9ADC20A2C86500D4B85A /* Info.plist */,
				153A9ADD20A2C86500D4B85A /* main.m */,
			);
			path = 04_UITextField;
			sourceTree = "<group>";
		};
		153A9AE620A2C86500D4B85A /* 04_UITextFieldTests */ = {
			isa = PBXGroup;
			children = (
				153A9AE720A2C86500D4B85A /* _4_UITextFieldTests.m */,
				153A9AE920A2C86500D4B85A /* Info.plist */,
			);
			path = 04_UITextFieldTests;
			sourceTree = "<group>";
		};
		153A9AF120A2C86500D4B85A /* 04_UITextFieldUITests */ = {
			isa = PBXGroup;
			children = (
				153A9AF220A2C86500D4B85A /* _4_UITextFieldUITests.m */,
				153A9AF420A2C86500D4B85A /* Info.plist */,
			);
			path = 04_UITextFieldUITests;
			sourceTree = "<group>";
		};
/* End PBXGroup section */

/* Begin PBXNativeTarget section */
		153A9ACA20A2C86400D4B85A /* 04_UITextField */ = {
			isa = PBXNativeTarget;
			buildConfigurationList = 153A9AF720A2C86500D4B85A /* Build configuration list for PBXNativeTarget "04_UITextField" */;
			buildPhases = (
				153A9AC720A2C86400D4B85A /* Sources */,
				153A9AC820A2C86400D4B85A /* Frameworks */,
				153A9AC920A2C86400D4B85A /* Resources */,
			);
			buildRules = (
			);
			dependencies = (
			);
			name = 04_UITextField;
			productName = 04_UITextField;
			productReference = 153A9ACB20A2C86500D4B85A /* 04_UITextField.app */;
			productType = "com.apple.product-type.application";
		};
		153A9AE220A2C86500D4B85A /* 04_UITextFieldTests */ = {
			isa = PBXNativeTarget;
			buildConfigurationList = 153A9AFA20A2C86500D4B85A /* Build configuration list for PBXNativeTarget "04_UITextFieldTests" */;
			buildPhases = (
				153A9ADF20A2C86500D4B85A /* Sources */,
				153A9AE020A2C86500D4B85A /* Frameworks */,
				153A9AE120A2C86500D4B85A /* Resources */,
			);
			buildRules = (
			);
			dependencies = (
				153A9AE520A2C86500D4B85A /* PBXTargetDependency */,
			);
			name = 04_UITextFieldTests;
			productName = 04_UITextFieldTests;
			productReference = 153A9AE320A2C86500D4B85A /* 04_UITextFieldTests.xctest */;
			productType = "com.apple.product-type.bundle.unit-test";
		};
		153A9AED20A2C86500D4B85A /* 04_UITextFieldUITests */ = {
			isa = PBXNativeTarget;
			buildConfigurationList = 153A9AFD20A2C86500D4B85A /* Build configuration list for PBXNativeTarget "04_UITextFieldUITests" */;
			buildPhases = (
				153A9AEA20A2C86500D4B85A /* Sources */,
				153A9AEB20A2C86500D4B85A /* Frameworks */,
				153A9AEC20A2C86500D4B85A /* Resources */,
			);
			buildRules = (
			);
			dependencies = (
				153A9AF020A2C86500D4B85A /* PBXTargetDependency */,
			);
			name = 04_UITextFieldUITests;
			productName = 04_UITextFieldUITests;
			productReference = 153A9AEE20A2C86500D4B85A /* 04_UITextFieldUITests.xctest */;
			productType = "com.apple.product-type.bundle.ui-testing";
		};
/* End PBXNativeTarget section */

/* Begin PBXProject section */
		153A9AC320A2C86400D4B85A /* Project object */ = {
			isa = PBXProject;
			attributes = {
				LastUpgradeCheck = 0920;
				ORGANIZATIONNAME = "陈希";
				TargetAttributes = {
					153A9ACA20A2C86400D4B85A = {
						CreatedOnToolsVersion = 9.2;
						ProvisioningStyle = Automatic;
					};
					153A9AE220A2C86500D4B85A = {
						CreatedOnToolsVersion = 9.2;
						ProvisioningStyle = Automatic;
						TestTargetID = 153A9ACA20A2C86400D4B85A;
					};
					153A9AED20A2C86500D4B85A = {
						CreatedOnToolsVersion = 9.2;
						ProvisioningStyle = Automatic;
						TestTargetID = 153A9ACA20A2C86400D4B85A;
					};
				};
			};
			buildConfigurationList = 153A9AC620A2C86400D4B85A /* Build configuration list for PBXProject "04_UITextField" */;
			compatibilityVersion = "Xcode 8.0";
			developmentRegion = en;
			hasScannedForEncodings = 0;
			knownRegions = (
				en,
				Base,
			);
			mainGroup = 153A9AC220A2C86400D4B85A;
			productRefGroup = 153A9ACC20A2C86500D4B85A /* Products */;
			projectDirPath = "";
			projectRoot = "";
			targets = (
				153A9ACA20A2C86400D4B85A /* 04_UITextField */,
				153A9AE220A2C86500D4B85A /* 04_UITextFieldTests */,
				153A9AED20A2C86500D4B85A /* 04_UITextFieldUITests */,
			);
		};
/* End PBXProject section */

/* Begin PBXResourcesBuildPhase section */
		153A9AC920A2C86400D4B85A /* Resources */ = {
			isa = PBXResourcesBuildPhase;
			buildActionMask = 2147483647;
			files = (
				153A9ADB20A2C86500D4B85A /* LaunchScreen.storyboard in Resources */,
				153A9AD820A2C86500D4B85A /* Assets.xcassets in Resources */,
				153A9AD620A2C86500D4B85A /* Main.storyboard in Resources */,
			);
			runOnlyForDeploymentPostprocessing = 0;
		};
		153A9AE120A2C86500D4B85A /* Resources */ = {
			isa = PBXResourcesBuildPhase;
			buildActionMask = 2147483647;
			files = (
			);
			runOnlyForDeploymentPostprocessing = 0;
		};
		153A9AEC20A2C86500D4B85A /* Resources */ = {
			isa = PBXResourcesBuildPhase;
			buildActionMask = 2147483647;
			files = (
			);
			runOnlyForDeploymentPostprocessing = 0;
		};
/* End PBXResourcesBuildPhase section */

/* Begin PBXSourcesBuildPhase section */
		153A9AC720A2C86400D4B85A /* Sources */ = {
			isa = PBXSourcesBuildPhase;
			buildActionMask = 2147483647;
			files = (
				153A9AD320A2C86500D4B85A /* ViewController.m in Sources */,
				153A9ADE20A2C86500D4B85A /* main.m in Sources */,
				153A9AD020A2C86500D4B85A /* AppDelegate.m in Sources */,
			);
			runOnlyForDeploymentPostprocessing = 0;
		};
		153A9ADF20A2C86500D4B85A /* Sources */ = {
			isa = PBXSourcesBuildPhase;
			buildActionMask = 2147483647;
			files = (
				153A9AE820A2C86500D4B85A /* _4_UITextFieldTests.m in Sources */,
			);
			runOnlyForDeploymentPostprocessing = 0;
		};
		153A9AEA20A2C86500D4B85A /* Sources */ = {
			isa = PBXSourcesBuildPhase;
			buildActionMask = 2147483647;
			files = (
				153A9AF320A2C86500D4B85A /* _4_UITextFieldUITests.m in Sources */,
			);
			runOnlyForDeploymentPostprocessing = 0;
		};
/* End PBXSourcesBuildPhase section */

/* Begin PBXTargetDependency section */
		153A9AE520A2C86500D4B85A /* PBXTargetDependency */ = {
			isa = PBXTargetDependency;
			target = 153A9ACA20A2C86400D4B85A /* 04_UITextField */;
			targetProxy = 153A9AE420A2C86500D4B85A /* PBXContainerItemProxy */;
		};
		153A9AF020A2C86500D4B85A /* PBXTargetDependency */ = {
			isa = PBXTargetDependency;
			target = 153A9ACA20A2C86400D4B85A /* 04_UITextField */;
			targetProxy = 153A9AEF20A2C86500D4B85A /* PBXContainerItemProxy */;
		};
/* End PBXTargetDependency section */

/* Begin PBXVariantGroup section */
		153A9AD420A2C86500D4B85A /* Main.storyboard */ = {
			isa = PBXVariantGroup;
			children = (
				153A9AD520A2C86500D4B85A /* Base */,
			);
			name = Main.storyboard;
			sourceTree = "<group>";
		};
		153A9AD920A2C86500D4B85A /* LaunchScreen.storyboard */ = {
			isa = PBXVariantGroup;
			children = (
				153A9ADA20A2C86500D4B85A /* Base */,
			);
			name = LaunchScreen.storyboard;
			sourceTree = "<group>";
		};
/* End PBXVariantGroup section */

/* Begin XCBuildConfiguration section */
		153A9AF520A2C86500D4B85A /* Debug */ = {
			isa = XCBuildConfiguration;
			buildSettings = {
				ALWAYS_SEARCH_USER_PATHS = NO;
				CLANG_ANALYZER_NONNULL = YES;
				CLANG_ANALYZER_NUMBER_OBJECT_CONVERSION = YES_AGGRESSIVE;
				CLANG_CXX_LANGUAGE_STANDARD = "gnu++14";
				CLANG_CXX_LIBRARY = "libc++";
				CLANG_ENABLE_MODULES = YES;
				CLANG_ENABLE_OBJC_ARC = YES;
				CLANG_WARN_BLOCK_CAPTURE_AUTORELEASING = YES;
				CLANG_WARN_BOOL_CONVERSION = YES;
				CLANG_WARN_COMMA = YES;
				CLANG_WARN_CONSTANT_CONVERSION = YES;
				CLANG_WARN_DIRECT_OBJC_ISA_USAGE = YES_ERROR;
				CLANG_WARN_DOCUMENTATION_COMMENTS = YES;
				CLANG_WARN_EMPTY_BODY = YES;
				CLANG_WARN_ENUM_CONVERSION = YES;
				CLANG_WARN_INFINITE_RECURSION = YES;
				CLANG_WARN_INT_CONVERSION = YES;
				CLANG_WARN_NON_LITERAL_NULL_CONVERSION = YES;
				CLANG_WARN_OBJC_LITERAL_CONVERSION = YES;
				CLANG_WARN_OBJC_ROOT_CLASS = YES_ERROR;
				CLANG_WARN_RANGE_LOOP_ANALYSIS = YES;
				CLANG_WARN_STRICT_PROTOTYPES = YES;
				CLANG_WARN_SUSPICIOUS_MOVE = YES;
				CLANG_WARN_UNGUARDED_AVAILABILITY = YES_AGGRESSIVE;
				CLANG_WARN_UNREACHABLE_CODE = YES;
				CLANG_WARN__DUPLICATE_METHOD_MATCH = YES;
				CODE_SIGN_IDENTITY = "iPhone Developer";
				COPY_PHASE_STRIP = NO;
				DEBUG_INFORMATION_FORMAT = dwarf;
				ENABLE_STRICT_OBJC_MSGSEND = YES;
				ENABLE_TESTABILITY = YES;
				GCC_C_LANGUAGE_STANDARD = gnu11;
				GCC_DYNAMIC_NO_PIC = NO;
				GCC_NO_COMMON_BLOCKS = YES;
				GCC_OPTIMIZATION_LEVEL = 0;
				GCC_PREPROCESSOR_DEFINITIONS = (
					"DEBUG=1",
					"$(inherited)",
				);
				GCC_WARN_64_TO_32_BIT_CONVERSION = YES;
				GCC_WARN_ABOUT_RETURN_TYPE = YES_ERROR;
				GCC_WARN_UNDECLARED_SELECTOR = YES;
				GCC_WARN_UNINITIALIZED_AUTOS = YES_AGGRESSIVE;
				GCC_WARN_UNUSED_FUNCTION = YES;
				GCC_WARN_UNUSED_VARIABLE = YES;
				IPHONEOS_DEPLOYMENT_TARGET = 11.2;
				MTL_ENABLE_DEBUG_INFO = YES;
				ONLY_ACTIVE_ARCH = YES;
				SDKROOT = iphoneos;
			};
			name = Debug;
		};
		153A9AF620A2C86500D4B85A /* Release */ = {
			isa = XCBuildConfiguration;
			buildSettings = {
				ALWAYS_SEARCH_USER_PATHS = NO;
				CLANG_ANALYZER_NONNULL = YES;
				CLANG_ANALYZER_NUMBER_OBJECT_CONVERSION = YES_AGGRESSIVE;
				CLANG_CXX_LANGUAGE_STANDARD = "gnu++14";
				CLANG_CXX_LIBRARY = "libc++";
				CLANG_ENABLE_MODULES = YES;
				CLANG_ENABLE_OBJC_ARC = YES;
				CLANG_WARN_BLOCK_CAPTURE_AUTORELEASING = YES;
				CLANG_WARN_BOOL_CONVERSION = YES;
				CLANG_WARN_COMMA = YES;
				CLANG_WARN_CONSTANT_CONVERSION = YES;
				CLANG_WARN_DIRECT_OBJC_ISA_USAGE = YES_ERROR;
				CLANG_WARN_DOCUMENTATION_COMMENTS = YES;
				CLANG_WARN_EMPTY_BODY = YES;
				CLANG_WARN_ENUM_CONVERSION = YES;
				CLANG_WARN_INFINITE_RECURSION = YES;
				CLANG_WARN_INT_CONVERSION = YES;
				CLANG_WARN_NON_LITERAL_NULL_CONVERSION = YES;
				CLANG_WARN_OBJC_LITERAL_CONVERSION = YES;
				CLANG_WARN_OBJC_ROOT_CLASS = YES_ERROR;
				CLANG_WARN_RANGE_LOOP_ANALYSIS = YES;
				CLANG_WARN_STRICT_PROTOTYPES = YES;
				CLANG_WARN_SUSPICIOUS_MOVE = YES;
				CLANG_WARN_UNGUARDED_AVAILABILITY = YES_AGGRESSIVE;
				CLANG_WARN_UNREACHABLE_CODE = YES;
				CLANG_WARN__DUPLICATE_METHOD_MATCH = YES;
				CODE_SIGN_IDENTITY = "iPhone Developer";
				COPY_PHASE_STRIP = NO;
				DEBUG_INFORMATION_FORMAT = "dwarf-with-dsym";
				ENABLE_NS_ASSERTIONS = NO;
				ENABLE_STRICT_OBJC_MSGSEND = YES;
				GCC_C_LANGUAGE_STANDARD = gnu11;
				GCC_NO_COMMON_BLOCKS = YES;
				GCC_WARN_64_TO_32_BIT_CONVERSION = YES;
				GCC_WARN_ABOUT_RETURN_TYPE = YES_ERROR;
				GCC_WARN_UNDECLARED_SELECTOR = YES;
				GCC_WARN_UNINITIALIZED_AUTOS = YES_AGGRESSIVE;
				GCC_WARN_UNUSED_FUNCTION = YES;
				GCC_WARN_UNUSED_VARIABLE = YES;
				IPHONEOS_DEPLOYMENT_TARGET = 11.2;
				MTL_ENABLE_DEBUG_INFO = NO;
				SDKROOT = iphoneos;
				VALIDATE_PRODUCT = YES;
			};
			name = Release;
		};
		153A9AF820A2C86500D4B85A /* Debug */ = {
			isa = XCBuildConfiguration;
			buildSettings = {
				ASSETCATALOG_COMPILER_APPICON_NAME = AppIcon;
				CODE_SIGN_STYLE = Automatic;
				INFOPLIST_FILE = 04_UITextField/Info.plist;
				LD_RUNPATH_SEARCH_PATHS = "$(inherited) @executable_path/Frameworks";
				PRODUCT_BUNDLE_IDENTIFIER = "cn.ciwest.www.-4-UITextField";
				PRODUCT_NAME = "$(TARGET_NAME)";
				TARGETED_DEVICE_FAMILY = "1,2";
			};
			name = Debug;
		};
		153A9AF920A2C86500D4B85A /* Release */ = {
			isa = XCBuildConfiguration;
			buildSettings = {
				ASSETCATALOG_COMPILER_APPICON_NAME = AppIcon;
				CODE_SIGN_STYLE = Automatic;
				INFOPLIST_FILE = 04_UITextField/Info.plist;
				LD_RUNPATH_SEARCH_PATHS = "$(inherited) @executable_path/Frameworks";
				PRODUCT_BUNDLE_IDENTIFIER = "cn.ciwest.www.-4-UITextField";
				PRODUCT_NAME = "$(TARGET_NAME)";
				TARGETED_DEVICE_FAMILY = "1,2";
			};
			name = Release;
		};
		153A9AFB20A2C86500D4B85A /* Debug */ = {
			isa = XCBuildConfiguration;
			buildSettings = {
				BUNDLE_LOADER = "$(TEST_HOST)";
				CODE_SIGN_STYLE = Automatic;
				INFOPLIST_FILE = 04_UITextFieldTests/Info.plist;
				LD_RUNPATH_SEARCH_PATHS = "$(inherited) @executable_path/Frameworks @loader_path/Frameworks";
				PRODUCT_BUNDLE_IDENTIFIER = "cn.ciwest.www.-4-UITextFieldTests";
				PRODUCT_NAME = "$(TARGET_NAME)";
				TARGETED_DEVICE_FAMILY = "1,2";
				TEST_HOST = "$(BUILT_PRODUCTS_DIR)/04_UITextField.app/04_UITextField";
			};
			name = Debug;
		};
		153A9AFC20A2C86500D4B85A /* Release */ = {
			isa = XCBuildConfiguration;
			buildSettings = {
				BUNDLE_LOADER = "$(TEST_HOST)";
				CODE_SIGN_STYLE = Automatic;
				INFOPLIST_FILE = 04_UITextFieldTests/Info.plist;
				LD_RUNPATH_SEARCH_PATHS = "$(inherited) @executable_path/Frameworks @loader_path/Frameworks";
				PRODUCT_BUNDLE_IDENTIFIER = "cn.ciwest.www.-4-UITextFieldTests";
				PRODUCT_NAME = "$(TARGET_NAME)";
				TARGETED_DEVICE_FAMILY = "1,2";
				TEST_HOST = "$(BUILT_PRODUCTS_DIR)/04_UITextField.app/04_UITextField";
			};
			name = Release;
		};
		153A9AFE20A2C86500D4B85A /* Debug */ = {
			isa = XCBuildConfiguration;
			buildSettings = {
				CODE_SIGN_STYLE = Automatic;
				INFOPLIST_FILE = 04_UITextFieldUITests/Info.plist;
				LD_RUNPATH_SEARCH_PATHS = "$(inherited) @executable_path/Frameworks @loader_path/Frameworks";
				PRODUCT_BUNDLE_IDENTIFIER = "cn.ciwest.www.-4-UITextFieldUITests";
				PRODUCT_NAME = "$(TARGET_NAME)";
				TARGETED_DEVICE_FAMILY = "1,2";
				TEST_TARGET_NAME = 04_UITextField;
			};
			name = Debug;
		};
		153A9AFF20A2C86500D4B85A /* Release */ = {
			isa = XCBuildConfiguration;
			buildSettings = {
				CODE_SIGN_STYLE = Automatic;
				INFOPLIST_FILE = 04_UITextFieldUITests/Info.plist;
				LD_RUNPATH_SEARCH_PATHS = "$(inherited) @executable_path/Frameworks @loader_path/Frameworks";
				PRODUCT_BUNDLE_IDENTIFIER = "cn.ciwest.www.-4-UITextFieldUITests";
				PRODUCT_NAME = "$(TARGET_NAME)";
				TARGETED_DEVICE_FAMILY = "1,2";
				TEST_TARGET_NAME = 04_UITextField;
			};
			name = Release;
		};
/* End XCBuildConfiguration section */

/* Begin XCConfigurationList section */
		153A9AC620A2C86400D4B85A /* Build configuration list for PBXProject "04_UITextField" */ = {
			isa = XCConfigurationList;
			buildConfigurations = (
				153A9AF520A2C86500D4B85A /* Debug */,
				153A9AF620A2C86500D4B85A /* Release */,
			);
			defaultConfigurationIsVisible = 0;
			defaultConfigurationName = Release;
		};
		153A9AF720A2C86500D4B85A /* Build configuration list for PBXNativeTarget "04_UITextField" */ = {
			isa = XCConfigurationList;
			buildConfigurations = (
				153A9AF820A2C86500D4B85A /* Debug */,
				153A9AF920A2C86500D4B85A /* Release */,
			);
			defaultConfigurationIsVisible = 0;
			defaultConfigurationName = Release;
		};
		153A9AFA20A2C86500D4B85A /* Build configuration list for PBXNativeTarget "04_UITextFieldTests" */ = {
			isa = XCConfigurationList;
			buildConfigurations = (
				153A9AFB20A2C86500D4B85A /* Debug */,
				153A9AFC20A2C86500D4B85A /* Release */,
			);
			defaultConfigurationIsVisible = 0;
			defaultConfigurationName = Release;
		};
		153A9AFD20A2C86500D4B85A /* Build configuration list for PBXNativeTarget "04_UITextFieldUITests" */ = {
			isa = XCConfigurationList;
			buildConfigurations = (
				153A9AFE20A2C86500D4B85A /* Debug */,
				153A9AFF20A2C86500D4B85A /* Release */,
			);
			defaultConfigurationIsVisible = 0;
			defaultConfigurationName = Release;
		};
/* End XCConfigurationList section */
	};
	rootObject = 153A9AC320A2C86400D4B85A /* Project object */;
}
